
Microsoft Visual Studio Solution File, Format Version 11.00
# Visual C++ Express 2010
Project("{8BC9CEB8-8B4A-11D0-8D11-00A0C91BC942}") = "waspp_vs2010_win32", "waspp_vs2010_win32.vcxproj", "{17F14B9D-4795-405E-91FA-774DBE8E6556}"
EndProject
Global
	GlobalSection(SolutionConfigurationPlatforms) = preSolution
		Debug|Win32 = Debug|Win32
		Release|Win32 = Release|Win32
	EndGlobalSection
	GlobalSection(ProjectConfigurationPlatforms) = postSolution
		{17F14B9D-4795-405E-91FA-774DBE8E6556}.Debug|Win32.ActiveCfg = Debug|Win32
		{17F14B9D-4795-405E-91FA-774DBE8E6556}.Debug|Win32.Build.0 = Debug|Win32
		{17F14B9D-4795-405E-91FA-774DBE8E6556}.Release|Win32.ActiveCfg = Release|Win32
		{17F14B9D-4795-405E-91FA-774DBE8E6556}.Release|Win32.Build.0 = Release|Win32
	EndGlobalSection
	GlobalSection(SolutionProperties) = preSolution
		HideSolutionNode = FALSE
	EndGlobalSection
EndGlobal
